// !$*UTF8*$!
{
	archiveVersion = 1;
	classes = {
	};
	objectVersion = 54;
	objects = {

/* Begin PBXBuildFile section */
		5C05D166087D06AFF98020F6 /* Pods_Reed_Meet.framework in Frameworks */ = {isa = PBXBuildFile; fileRef = AEEF95FE69E128DB80DC0DF6 /* Pods_Reed_Meet.framework */; };
		5D5C2004BD1E26D4A25E96C0 /* Pods_Reed_MeetTests.framework in Frameworks */ = {isa = PBXBuildFile; fileRef = 4337717764A86DDB50F3CDFA /* Pods_Reed_MeetTests.framework */; };
		ACABF6CDFE33E99E03898BE2 /* Pods_Reed_Meet_Reed_MeetUITests.framework in Frameworks */ = {isa = PBXBuildFile; fileRef = 40A6834744A19A9CF23499F0 /* Pods_Reed_Meet_Reed_MeetUITests.framework */; };
		F19E060F2787B6E600D4D811 /* AppDelegate.swift in Sources */ = {isa = PBXBuildFile; fileRef = F19E060E2787B6E600D4D811 /* AppDelegate.swift */; };
		F19E06112787B6E600D4D811 /* SceneDelegate.swift in Sources */ = {isa = PBXBuildFile; fileRef = F19E06102787B6E600D4D811 /* SceneDelegate.swift */; };
		F19E06132787B6E600D4D811 /* ViewController.swift in Sources */ = {isa = PBXBuildFile; fileRef = F19E06122787B6E600D4D811 /* ViewController.swift */; };
		F19E06182787B6E900D4D811 /* Assets.xcassets in Resources */ = {isa = PBXBuildFile; fileRef = F19E06172787B6E900D4D811 /* Assets.xcassets */; };
		F19E061B2787B6E900D4D811 /* LaunchScreen.storyboard in Resources */ = {isa = PBXBuildFile; fileRef = F19E06192787B6E900D4D811 /* LaunchScreen.storyboard */; };
		F19E06262787B6E900D4D811 /* Reed_MeetTests.swift in Sources */ = {isa = PBXBuildFile; fileRef = F19E06252787B6E900D4D811 /* Reed_MeetTests.swift */; };
		F19E06302787B6E900D4D811 /* Reed_MeetUITests.swift in Sources */ = {isa = PBXBuildFile; fileRef = F19E062F2787B6E900D4D811 /* Reed_MeetUITests.swift */; };
		F19E06322787B6E900D4D811 /* Reed_MeetUITestsLaunchTests.swift in Sources */ = {isa = PBXBuildFile; fileRef = F19E06312787B6E900D4D811 /* Reed_MeetUITestsLaunchTests.swift */; };
		F1BD2C2A2788C6E40024E7DC /* AutoLayout.swift in Sources */ = {isa = PBXBuildFile; fileRef = F1BD2C292788C6E40024E7DC /* AutoLayout.swift */; };
		F1BD2C2C2788C78A0024E7DC /* NSLayoutConstraintType.swift in Sources */ = {isa = PBXBuildFile; fileRef = F1BD2C2B2788C78A0024E7DC /* NSLayoutConstraintType.swift */; };
		F1BD2C2E2788C7B70024E7DC /* NSLayoutConstraint+Ext.swift in Sources */ = {isa = PBXBuildFile; fileRef = F1BD2C2D2788C7B70024E7DC /* NSLayoutConstraint+Ext.swift */; };
		F1BD2C302788C7F50024E7DC /* AutoLayout+Ext.swift in Sources */ = {isa = PBXBuildFile; fileRef = F1BD2C2F2788C7F50024E7DC /* AutoLayout+Ext.swift */; };
		F1BD2C332788C9450024E7DC /* AutoLayoutTests.swift in Sources */ = {isa = PBXBuildFile; fileRef = F1BD2C322788C9450024E7DC /* AutoLayoutTests.swift */; };
		F1BD2C372788E30D0024E7DC /* CGRect+Ext.swift in Sources */ = {isa = PBXBuildFile; fileRef = F1BD2C362788E30D0024E7DC /* CGRect+Ext.swift */; };
/* End PBXBuildFile section */

/* Begin PBXContainerItemProxy section */
		F19E06222787B6E900D4D811 /* PBXContainerItemProxy */ = {
			isa = PBXContainerItemProxy;
			containerPortal = F19E06032787B6E600D4D811 /* Project object */;
			proxyType = 1;
			remoteGlobalIDString = F19E060A2787B6E600D4D811;
			remoteInfo = "Reed&Meet";
		};
		F19E062C2787B6E900D4D811 /* PBXContainerItemProxy */ = {
			isa = PBXContainerItemProxy;
			containerPortal = F19E06032787B6E600D4D811 /* Project object */;
			proxyType = 1;
			remoteGlobalIDString = F19E060A2787B6E600D4D811;
			remoteInfo = "Reed&Meet";
		};
/* End PBXContainerItemProxy section */

/* Begin PBXFileReference section */
		40A6834744A19A9CF23499F0 /* Pods_Reed_Meet_Reed_MeetUITests.framework */ = {isa = PBXFileReference; explicitFileType = wrapper.framework; includeInIndex = 0; path = Pods_Reed_Meet_Reed_MeetUITests.framework; sourceTree = BUILT_PRODUCTS_DIR; };
		4337717764A86DDB50F3CDFA /* Pods_Reed_MeetTests.framework */ = {isa = PBXFileReference; explicitFileType = wrapper.framework; includeInIndex = 0; path = Pods_Reed_MeetTests.framework; sourceTree = BUILT_PRODUCTS_DIR; };
		5AAC26CBDE3CEBA4164225D5 /* Pods-Reed&Meet.debug.xcconfig */ = {isa = PBXFileReference; includeInIndex = 1; lastKnownFileType = text.xcconfig; name = "Pods-Reed&Meet.debug.xcconfig"; path = "Target Support Files/Pods-Reed&Meet/Pods-Reed&Meet.debug.xcconfig"; sourceTree = "<group>"; };
		791DDFE5C0CC0BCAC42C463E /* Pods-Reed&Meet.release.xcconfig */ = {isa = PBXFileReference; includeInIndex = 1; lastKnownFileType = text.xcconfig; name = "Pods-Reed&Meet.release.xcconfig"; path = "Target Support Files/Pods-Reed&Meet/Pods-Reed&Meet.release.xcconfig"; sourceTree = "<group>"; };
		8F7BDC312946BA2DCB81DC39 /* Pods-Reed&Meet-Reed&MeetUITests.release.xcconfig */ = {isa = PBXFileReference; includeInIndex = 1; lastKnownFileType = text.xcconfig; name = "Pods-Reed&Meet-Reed&MeetUITests.release.xcconfig"; path = "Target Support Files/Pods-Reed&Meet-Reed&MeetUITests/Pods-Reed&Meet-Reed&MeetUITests.release.xcconfig"; sourceTree = "<group>"; };
		A99D607D2FA703F8CA75A9EA /* Pods-Reed&Meet-Reed&MeetUITests.debug.xcconfig */ = {isa = PBXFileReference; includeInIndex = 1; lastKnownFileType = text.xcconfig; name = "Pods-Reed&Meet-Reed&MeetUITests.debug.xcconfig"; path = "Target Support Files/Pods-Reed&Meet-Reed&MeetUITests/Pods-Reed&Meet-Reed&MeetUITests.debug.xcconfig"; sourceTree = "<group>"; };
		AEEF95FE69E128DB80DC0DF6 /* Pods_Reed_Meet.framework */ = {isa = PBXFileReference; explicitFileType = wrapper.framework; includeInIndex = 0; path = Pods_Reed_Meet.framework; sourceTree = BUILT_PRODUCTS_DIR; };
		BA13903695D8F1E049D8E500 /* Pods-Reed&MeetTests.debug.xcconfig */ = {isa = PBXFileReference; includeInIndex = 1; lastKnownFileType = text.xcconfig; name = "Pods-Reed&MeetTests.debug.xcconfig"; path = "Target Support Files/Pods-Reed&MeetTests/Pods-Reed&MeetTests.debug.xcconfig"; sourceTree = "<group>"; };
		CF81048A2445AE9D1E4ECD7D /* Pods-Reed&MeetTests.release.xcconfig */ = {isa = PBXFileReference; includeInIndex = 1; lastKnownFileType = text.xcconfig; name = "Pods-Reed&MeetTests.release.xcconfig"; path = "Target Support Files/Pods-Reed&MeetTests/Pods-Reed&MeetTests.release.xcconfig"; sourceTree = "<group>"; };
		F19E060B2787B6E600D4D811 /* Reed&Meet.app */ = {isa = PBXFileReference; explicitFileType = wrapper.application; includeInIndex = 0; path = "Reed&Meet.app"; sourceTree = BUILT_PRODUCTS_DIR; };
		F19E060E2787B6E600D4D811 /* AppDelegate.swift */ = {isa = PBXFileReference; lastKnownFileType = sourcecode.swift; path = AppDelegate.swift; sourceTree = "<group>"; };
		F19E06102787B6E600D4D811 /* SceneDelegate.swift */ = {isa = PBXFileReference; lastKnownFileType = sourcecode.swift; path = SceneDelegate.swift; sourceTree = "<group>"; };
		F19E06122787B6E600D4D811 /* ViewController.swift */ = {isa = PBXFileReference; lastKnownFileType = sourcecode.swift; path = ViewController.swift; sourceTree = "<group>"; };
		F19E06172787B6E900D4D811 /* Assets.xcassets */ = {isa = PBXFileReference; lastKnownFileType = folder.assetcatalog; path = Assets.xcassets; sourceTree = "<group>"; };
		F19E061A2787B6E900D4D811 /* Base */ = {isa = PBXFileReference; lastKnownFileType = file.storyboard; name = Base; path = Base.lproj/LaunchScreen.storyboard; sourceTree = "<group>"; };
		F19E061C2787B6E900D4D811 /* Info.plist */ = {isa = PBXFileReference; lastKnownFileType = text.plist.xml; path = Info.plist; sourceTree = "<group>"; };
		F19E06212787B6E900D4D811 /* Reed&MeetTests.xctest */ = {isa = PBXFileReference; explicitFileType = wrapper.cfbundle; includeInIndex = 0; path = "Reed&MeetTests.xctest"; sourceTree = BUILT_PRODUCTS_DIR; };
		F19E06252787B6E900D4D811 /* Reed_MeetTests.swift */ = {isa = PBXFileReference; lastKnownFileType = sourcecode.swift; path = Reed_MeetTests.swift; sourceTree = "<group>"; };
		F19E062B2787B6E900D4D811 /* Reed&MeetUITests.xctest */ = {isa = PBXFileReference; explicitFileType = wrapper.cfbundle; includeInIndex = 0; path = "Reed&MeetUITests.xctest"; sourceTree = BUILT_PRODUCTS_DIR; };
		F19E062F2787B6E900D4D811 /* Reed_MeetUITests.swift */ = {isa = PBXFileReference; lastKnownFileType = sourcecode.swift; path = Reed_MeetUITests.swift; sourceTree = "<group>"; };
		F19E06312787B6E900D4D811 /* Reed_MeetUITestsLaunchTests.swift */ = {isa = PBXFileReference; lastKnownFileType = sourcecode.swift; path = Reed_MeetUITestsLaunchTests.swift; sourceTree = "<group>"; };
		F19E063E2787C3ED00D4D811 /* CHANGELOG.md */ = {isa = PBXFileReference; lastKnownFileType = net.daringfireball.markdown; path = CHANGELOG.md; sourceTree = "<group>"; };
		F1BD2C292788C6E40024E7DC /* AutoLayout.swift */ = {isa = PBXFileReference; lastKnownFileType = sourcecode.swift; path = AutoLayout.swift; sourceTree = "<group>"; };
		F1BD2C2B2788C78A0024E7DC /* NSLayoutConstraintType.swift */ = {isa = PBXFileReference; lastKnownFileType = sourcecode.swift; path = NSLayoutConstraintType.swift; sourceTree = "<group>"; };
		F1BD2C2D2788C7B70024E7DC /* NSLayoutConstraint+Ext.swift */ = {isa = PBXFileReference; lastKnownFileType = sourcecode.swift; path = "NSLayoutConstraint+Ext.swift"; sourceTree = "<group>"; };
		F1BD2C2F2788C7F50024E7DC /* AutoLayout+Ext.swift */ = {isa = PBXFileReference; lastKnownFileType = sourcecode.swift; path = "AutoLayout+Ext.swift"; sourceTree = "<group>"; };
		F1BD2C322788C9450024E7DC /* AutoLayoutTests.swift */ = {isa = PBXFileReference; lastKnownFileType = sourcecode.swift; path = AutoLayoutTests.swift; sourceTree = "<group>"; };
		F1BD2C362788E30D0024E7DC /* CGRect+Ext.swift */ = {isa = PBXFileReference; lastKnownFileType = sourcecode.swift; path = "CGRect+Ext.swift"; sourceTree = "<group>"; };
/* End PBXFileReference section */

/* Begin PBXFrameworksBuildPhase section */
		F19E06082787B6E600D4D811 /* Frameworks */ = {
			isa = PBXFrameworksBuildPhase;
			buildActionMask = 2147483647;
			files = (
				5C05D166087D06AFF98020F6 /* Pods_Reed_Meet.framework in Frameworks */,
			);
			runOnlyForDeploymentPostprocessing = 0;
		};
		F19E061E2787B6E900D4D811 /* Frameworks */ = {
			isa = PBXFrameworksBuildPhase;
			buildActionMask = 2147483647;
			files = (
				5D5C2004BD1E26D4A25E96C0 /* Pods_Reed_MeetTests.framework in Frameworks */,
			);
			runOnlyForDeploymentPostprocessing = 0;
		};
		F19E06282787B6E900D4D811 /* Frameworks */ = {
			isa = PBXFrameworksBuildPhase;
			buildActionMask = 2147483647;
			files = (
				ACABF6CDFE33E99E03898BE2 /* Pods_Reed_Meet_Reed_MeetUITests.framework in Frameworks */,
			);
			runOnlyForDeploymentPostprocessing = 0;
		};
/* End PBXFrameworksBuildPhase section */

/* Begin PBXGroup section */
		049E345A4FAC0D7885FB2F3C /* Pods */ = {
			isa = PBXGroup;
			children = (
				5AAC26CBDE3CEBA4164225D5 /* Pods-Reed&Meet.debug.xcconfig */,
				791DDFE5C0CC0BCAC42C463E /* Pods-Reed&Meet.release.xcconfig */,
				A99D607D2FA703F8CA75A9EA /* Pods-Reed&Meet-Reed&MeetUITests.debug.xcconfig */,
				8F7BDC312946BA2DCB81DC39 /* Pods-Reed&Meet-Reed&MeetUITests.release.xcconfig */,
				BA13903695D8F1E049D8E500 /* Pods-Reed&MeetTests.debug.xcconfig */,
				CF81048A2445AE9D1E4ECD7D /* Pods-Reed&MeetTests.release.xcconfig */,
			);
			path = Pods;
			sourceTree = "<group>";
		};
		582289D5F72F6E19B165C892 /* Frameworks */ = {
			isa = PBXGroup;
			children = (
				AEEF95FE69E128DB80DC0DF6 /* Pods_Reed_Meet.framework */,
				40A6834744A19A9CF23499F0 /* Pods_Reed_Meet_Reed_MeetUITests.framework */,
				4337717764A86DDB50F3CDFA /* Pods_Reed_MeetTests.framework */,
			);
			name = Frameworks;
			sourceTree = "<group>";
		};
		F19E06022787B6E600D4D811 = {
			isa = PBXGroup;
			children = (
				F19E063E2787C3ED00D4D811 /* CHANGELOG.md */,
				F19E060D2787B6E600D4D811 /* Reed&Meet */,
				F19E06242787B6E900D4D811 /* Reed&MeetTests */,
				F19E062E2787B6E900D4D811 /* Reed&MeetUITests */,
				F19E060C2787B6E600D4D811 /* Products */,
				049E345A4FAC0D7885FB2F3C /* Pods */,
				582289D5F72F6E19B165C892 /* Frameworks */,
			);
			sourceTree = "<group>";
		};
		F19E060C2787B6E600D4D811 /* Products */ = {
			isa = PBXGroup;
			children = (
				F19E060B2787B6E600D4D811 /* Reed&Meet.app */,
				F19E06212787B6E900D4D811 /* Reed&MeetTests.xctest */,
				F19E062B2787B6E900D4D811 /* Reed&MeetUITests.xctest */,
			);
			name = Products;
			sourceTree = "<group>";
		};
		F19E060D2787B6E600D4D811 /* Reed&Meet */ = {
			isa = PBXGroup;
			children = (
				F1BD2C352788E2DF0024E7DC /* DesignSystem */,
				F1BD2C272788C6AD0024E7DC /* Common */,
				F19E060E2787B6E600D4D811 /* AppDelegate.swift */,
				F19E06102787B6E600D4D811 /* SceneDelegate.swift */,
				F19E06122787B6E600D4D811 /* ViewController.swift */,
				F19E06172787B6E900D4D811 /* Assets.xcassets */,
				F19E06192787B6E900D4D811 /* LaunchScreen.storyboard */,
				F19E061C2787B6E900D4D811 /* Info.plist */,
			);
			path = "Reed&Meet";
			sourceTree = "<group>";
		};
		F19E06242787B6E900D4D811 /* Reed&MeetTests */ = {
			isa = PBXGroup;
			children = (
				F1BD2C312788C92F0024E7DC /* Common */,
				F19E06252787B6E900D4D811 /* Reed_MeetTests.swift */,
			);
			path = "Reed&MeetTests";
			sourceTree = "<group>";
		};
		F19E062E2787B6E900D4D811 /* Reed&MeetUITests */ = {
			isa = PBXGroup;
			children = (
				F19E062F2787B6E900D4D811 /* Reed_MeetUITests.swift */,
				F19E06312787B6E900D4D811 /* Reed_MeetUITestsLaunchTests.swift */,
			);
			path = "Reed&MeetUITests";
			sourceTree = "<group>";
		};
		F1BD2C272788C6AD0024E7DC /* Common */ = {
			isa = PBXGroup;
			children = (
				F1BD2C342788E2D40024E7DC /* Helper */,
			);
			path = Common;
			sourceTree = "<group>";
		};
		F1BD2C282788C6D20024E7DC /* AutoLayout */ = {
			isa = PBXGroup;
			children = (
				F1BD2C292788C6E40024E7DC /* AutoLayout.swift */,
				F1BD2C2B2788C78A0024E7DC /* NSLayoutConstraintType.swift */,
				F1BD2C2D2788C7B70024E7DC /* NSLayoutConstraint+Ext.swift */,
				F1BD2C2F2788C7F50024E7DC /* AutoLayout+Ext.swift */,
			);
			path = AutoLayout;
			sourceTree = "<group>";
		};
		F1BD2C312788C92F0024E7DC /* Common */ = {
			isa = PBXGroup;
			children = (
				F1BD2C322788C9450024E7DC /* AutoLayoutTests.swift */,
			);
			path = Common;
			sourceTree = "<group>";
		};
		F1BD2C342788E2D40024E7DC /* Helper */ = {
			isa = PBXGroup;
			children = (
				F1BD2C362788E30D0024E7DC /* CGRect+Ext.swift */,
			);
			path = Helper;
			sourceTree = "<group>";
		};
		F1BD2C352788E2DF0024E7DC /* DesignSystem */ = {
			isa = PBXGroup;
			children = (
				F1BD2C282788C6D20024E7DC /* AutoLayout */,
			);
			path = DesignSystem;
			sourceTree = "<group>";
		};
/* End PBXGroup section */

/* Begin PBXNativeTarget section */
		F19E060A2787B6E600D4D811 /* Reed&Meet */ = {
			isa = PBXNativeTarget;
			buildConfigurationList = F19E06352787B6E900D4D811 /* Build configuration list for PBXNativeTarget "Reed&Meet" */;
			buildPhases = (
				B1406BCD4F297A20BA0B8958 /* [CP] Check Pods Manifest.lock */,
				F19E06072787B6E600D4D811 /* Sources */,
				F19E06082787B6E600D4D811 /* Frameworks */,
				F19E06092787B6E600D4D811 /* Resources */,
				F19E063F2787CEF500D4D811 /* ShellScript */,
			);
			buildRules = (
			);
			dependencies = (
			);
			name = "Reed&Meet";
			productName = "Reed&Meet";
			productReference = F19E060B2787B6E600D4D811 /* Reed&Meet.app */;
			productType = "com.apple.product-type.application";
		};
		F19E06202787B6E900D4D811 /* Reed&MeetTests */ = {
			isa = PBXNativeTarget;
			buildConfigurationList = F19E06382787B6E900D4D811 /* Build configuration list for PBXNativeTarget "Reed&MeetTests" */;
			buildPhases = (
				AC8E22BB6D22C8DDB07FA1A2 /* [CP] Check Pods Manifest.lock */,
				F19E061D2787B6E900D4D811 /* Sources */,
				F19E061E2787B6E900D4D811 /* Frameworks */,
				F19E061F2787B6E900D4D811 /* Resources */,
				A44BC9D985D8409624071534 /* [CP] Embed Pods Frameworks */,
			);
			buildRules = (
			);
			dependencies = (
				F19E06232787B6E900D4D811 /* PBXTargetDependency */,
			);
			name = "Reed&MeetTests";
			productName = "Reed&MeetTests";
			productReference = F19E06212787B6E900D4D811 /* Reed&MeetTests.xctest */;
			productType = "com.apple.product-type.bundle.unit-test";
		};
		F19E062A2787B6E900D4D811 /* Reed&MeetUITests */ = {
			isa = PBXNativeTarget;
			buildConfigurationList = F19E063B2787B6E900D4D811 /* Build configuration list for PBXNativeTarget "Reed&MeetUITests" */;
			buildPhases = (
				AA6AF683BF1155E2CEA8AD24 /* [CP] Check Pods Manifest.lock */,
				F19E06272787B6E900D4D811 /* Sources */,
				F19E06282787B6E900D4D811 /* Frameworks */,
				F19E06292787B6E900D4D811 /* Resources */,
			);
			buildRules = (
			);
			dependencies = (
				F19E062D2787B6E900D4D811 /* PBXTargetDependency */,
			);
			name = "Reed&MeetUITests";
			productName = "Reed&MeetUITests";
			productReference = F19E062B2787B6E900D4D811 /* Reed&MeetUITests.xctest */;
			productType = "com.apple.product-type.bundle.ui-testing";
		};
/* End PBXNativeTarget section */

/* Begin PBXProject section */
		F19E06032787B6E600D4D811 /* Project object */ = {
			isa = PBXProject;
			attributes = {
				BuildIndependentTargetsInParallel = 1;
				LastSwiftUpdateCheck = 1300;
				LastUpgradeCheck = 1300;
				TargetAttributes = {
					F19E060A2787B6E600D4D811 = {
						CreatedOnToolsVersion = 13.0;
					};
					F19E06202787B6E900D4D811 = {
						CreatedOnToolsVersion = 13.0;
						TestTargetID = F19E060A2787B6E600D4D811;
					};
					F19E062A2787B6E900D4D811 = {
						CreatedOnToolsVersion = 13.0;
						TestTargetID = F19E060A2787B6E600D4D811;
					};
				};
			};
			buildConfigurationList = F19E06062787B6E600D4D811 /* Build configuration list for PBXProject "Reed&Meet" */;
			compatibilityVersion = "Xcode 12.0";
			developmentRegion = en;
			hasScannedForEncodings = 0;
			knownRegions = (
				en,
				Base,
			);
			mainGroup = F19E06022787B6E600D4D811;
			productRefGroup = F19E060C2787B6E600D4D811 /* Products */;
			projectDirPath = "";
			projectRoot = "";
			targets = (
				F19E060A2787B6E600D4D811 /* Reed&Meet */,
				F19E06202787B6E900D4D811 /* Reed&MeetTests */,
				F19E062A2787B6E900D4D811 /* Reed&MeetUITests */,
			);
		};
/* End PBXProject section */

/* Begin PBXResourcesBuildPhase section */
		F19E06092787B6E600D4D811 /* Resources */ = {
			isa = PBXResourcesBuildPhase;
			buildActionMask = 2147483647;
			files = (
				F19E061B2787B6E900D4D811 /* LaunchScreen.storyboard in Resources */,
				F19E06182787B6E900D4D811 /* Assets.xcassets in Resources */,
			);
			runOnlyForDeploymentPostprocessing = 0;
		};
		F19E061F2787B6E900D4D811 /* Resources */ = {
			isa = PBXResourcesBuildPhase;
			buildActionMask = 2147483647;
			files = (
			);
			runOnlyForDeploymentPostprocessing = 0;
		};
		F19E06292787B6E900D4D811 /* Resources */ = {
			isa = PBXResourcesBuildPhase;
			buildActionMask = 2147483647;
			files = (
			);
			runOnlyForDeploymentPostprocessing = 0;
		};
/* End PBXResourcesBuildPhase section */

/* Begin PBXShellScriptBuildPhase section */
		A44BC9D985D8409624071534 /* [CP] Embed Pods Frameworks */ = {
			isa = PBXShellScriptBuildPhase;
			buildActionMask = 2147483647;
			files = (
			);
			inputFileListPaths = (
				"${PODS_ROOT}/Target Support Files/Pods-Reed&MeetTests/Pods-Reed&MeetTests-frameworks-${CONFIGURATION}-input-files.xcfilelist",
			);
			name = "[CP] Embed Pods Frameworks";
			outputFileListPaths = (
				"${PODS_ROOT}/Target Support Files/Pods-Reed&MeetTests/Pods-Reed&MeetTests-frameworks-${CONFIGURATION}-output-files.xcfilelist",
			);
			runOnlyForDeploymentPostprocessing = 0;
			shellPath = /bin/sh;
			shellScript = "\"${PODS_ROOT}/Target Support Files/Pods-Reed&MeetTests/Pods-Reed&MeetTests-frameworks.sh\"\n";
			showEnvVarsInLog = 0;
		};
		AA6AF683BF1155E2CEA8AD24 /* [CP] Check Pods Manifest.lock */ = {
			isa = PBXShellScriptBuildPhase;
			buildActionMask = 2147483647;
			files = (
			);
			inputFileListPaths = (
			);
			inputPaths = (
				"${PODS_PODFILE_DIR_PATH}/Podfile.lock",
				"${PODS_ROOT}/Manifest.lock",
			);
			name = "[CP] Check Pods Manifest.lock";
			outputFileListPaths = (
			);
			outputPaths = (
				"$(DERIVED_FILE_DIR)/Pods-Reed&Meet-Reed&MeetUITests-checkManifestLockResult.txt",
			);
			runOnlyForDeploymentPostprocessing = 0;
			shellPath = /bin/sh;
			shellScript = "diff \"${PODS_PODFILE_DIR_PATH}/Podfile.lock\" \"${PODS_ROOT}/Manifest.lock\" > /dev/null\nif [ $? != 0 ] ; then\n    # print error to STDERR\n    echo \"error: The sandbox is not in sync with the Podfile.lock. Run 'pod install' or update your CocoaPods installation.\" >&2\n    exit 1\nfi\n# This output is used by Xcode 'outputs' to avoid re-running this script phase.\necho \"SUCCESS\" > \"${SCRIPT_OUTPUT_FILE_0}\"\n";
			showEnvVarsInLog = 0;
		};
		AC8E22BB6D22C8DDB07FA1A2 /* [CP] Check Pods Manifest.lock */ = {
			isa = PBXShellScriptBuildPhase;
			buildActionMask = 2147483647;
			files = (
			);
			inputFileListPaths = (
			);
			inputPaths = (
				"${PODS_PODFILE_DIR_PATH}/Podfile.lock",
				"${PODS_ROOT}/Manifest.lock",
			);
			name = "[CP] Check Pods Manifest.lock";
			outputFileListPaths = (
			);
			outputPaths = (
				"$(DERIVED_FILE_DIR)/Pods-Reed&MeetTests-checkManifestLockResult.txt",
			);
			runOnlyForDeploymentPostprocessing = 0;
			shellPath = /bin/sh;
			shellScript = "diff \"${PODS_PODFILE_DIR_PATH}/Podfile.lock\" \"${PODS_ROOT}/Manifest.lock\" > /dev/null\nif [ $? != 0 ] ; then\n    # print error to STDERR\n    echo \"error: The sandbox is not in sync with the Podfile.lock. Run 'pod install' or update your CocoaPods installation.\" >&2\n    exit 1\nfi\n# This output is used by Xcode 'outputs' to avoid re-running this script phase.\necho \"SUCCESS\" > \"${SCRIPT_OUTPUT_FILE_0}\"\n";
			showEnvVarsInLog = 0;
		};
		B1406BCD4F297A20BA0B8958 /* [CP] Check Pods Manifest.lock */ = {
			isa = PBXShellScriptBuildPhase;
			buildActionMask = 2147483647;
			files = (
			);
			inputFileListPaths = (
			);
			inputPaths = (
				"${PODS_PODFILE_DIR_PATH}/Podfile.lock",
				"${PODS_ROOT}/Manifest.lock",
			);
			name = "[CP] Check Pods Manifest.lock";
			outputFileListPaths = (
			);
			outputPaths = (
				"$(DERIVED_FILE_DIR)/Pods-Reed&Meet-checkManifestLockResult.txt",
			);
			runOnlyForDeploymentPostprocessing = 0;
			shellPath = /bin/sh;
			shellScript = "diff \"${PODS_PODFILE_DIR_PATH}/Podfile.lock\" \"${PODS_ROOT}/Manifest.lock\" > /dev/null\nif [ $? != 0 ] ; then\n    # print error to STDERR\n    echo \"error: The sandbox is not in sync with the Podfile.lock. Run 'pod install' or update your CocoaPods installation.\" >&2\n    exit 1\nfi\n# This output is used by Xcode 'outputs' to avoid re-running this script phase.\necho \"SUCCESS\" > \"${SCRIPT_OUTPUT_FILE_0}\"\n";
			showEnvVarsInLog = 0;
		};
		F19E063F2787CEF500D4D811 /* ShellScript */ = {
			isa = PBXShellScriptBuildPhase;
			buildActionMask = 2147483647;
			files = (
			);
			inputFileListPaths = (
			);
			inputPaths = (
			);
			outputFileListPaths = (
			);
			outputPaths = (
			);
			runOnlyForDeploymentPostprocessing = 0;
			shellPath = /bin/sh;
			shellScript = "if which swiftlint >/dev/null; then\nswiftlint\nelse\necho \"warning: Swiftlint not installed, download from https://github.com/realm/SwiftLint\"\nfi\n";
		};
/* End PBXShellScriptBuildPhase section */

/* Begin PBXSourcesBuildPhase section */
		F19E06072787B6E600D4D811 /* Sources */ = {
			isa = PBXSourcesBuildPhase;
			buildActionMask = 2147483647;
			files = (
				F1BD2C2C2788C78A0024E7DC /* NSLayoutConstraintType.swift in Sources */,
				F1BD2C2E2788C7B70024E7DC /* NSLayoutConstraint+Ext.swift in Sources */,
				F19E06132787B6E600D4D811 /* ViewController.swift in Sources */,
				F19E060F2787B6E600D4D811 /* AppDelegate.swift in Sources */,
				F1BD2C2A2788C6E40024E7DC /* AutoLayout.swift in Sources */,
				F19E06112787B6E600D4D811 /* SceneDelegate.swift in Sources */,
				F1BD2C302788C7F50024E7DC /* AutoLayout+Ext.swift in Sources */,
				F1BD2C372788E30D0024E7DC /* CGRect+Ext.swift in Sources */,
			);
			runOnlyForDeploymentPostprocessing = 0;
		};
		F19E061D2787B6E900D4D811 /* Sources */ = {
			isa = PBXSourcesBuildPhase;
			buildActionMask = 2147483647;
			files = (
				F1BD2C332788C9450024E7DC /* AutoLayoutTests.swift in Sources */,
				F19E06262787B6E900D4D811 /* Reed_MeetTests.swift in Sources */,
			);
			runOnlyForDeploymentPostprocessing = 0;
		};
		F19E06272787B6E900D4D811 /* Sources */ = {
			isa = PBXSourcesBuildPhase;
			buildActionMask = 2147483647;
			files = (
				F19E06302787B6E900D4D811 /* Reed_MeetUITests.swift in Sources */,
				F19E06322787B6E900D4D811 /* Reed_MeetUITestsLaunchTests.swift in Sources */,
			);
			runOnlyForDeploymentPostprocessing = 0;
		};
/* End PBXSourcesBuildPhase section */

/* Begin PBXTargetDependency section */
		F19E06232787B6E900D4D811 /* PBXTargetDependency */ = {
			isa = PBXTargetDependency;
			target = F19E060A2787B6E600D4D811 /* Reed&Meet */;
			targetProxy = F19E06222787B6E900D4D811 /* PBXContainerItemProxy */;
		};
		F19E062D2787B6E900D4D811 /* PBXTargetDependency */ = {
			isa = PBXTargetDependency;
			target = F19E060A2787B6E600D4D811 /* Reed&Meet */;
			targetProxy = F19E062C2787B6E900D4D811 /* PBXContainerItemProxy */;
		};
/* End PBXTargetDependency section */

/* Begin PBXVariantGroup section */
		F19E06192787B6E900D4D811 /* LaunchScreen.storyboard */ = {
			isa = PBXVariantGroup;
			children = (
				F19E061A2787B6E900D4D811 /* Base */,
			);
			name = LaunchScreen.storyboard;
			sourceTree = "<group>";
		};
/* End PBXVariantGroup section */

/* Begin XCBuildConfiguration section */
		F19E06332787B6E900D4D811 /* Debug */ = {
			isa = XCBuildConfiguration;
			buildSettings = {
				ALWAYS_SEARCH_USER_PATHS = NO;
				CLANG_ANALYZER_NONNULL = YES;
				CLANG_ANALYZER_NUMBER_OBJECT_CONVERSION = YES_AGGRESSIVE;
				CLANG_CXX_LANGUAGE_STANDARD = "gnu++17";
				CLANG_CXX_LIBRARY = "libc++";
				CLANG_ENABLE_MODULES = YES;
				CLANG_ENABLE_OBJC_ARC = YES;
				CLANG_ENABLE_OBJC_WEAK = YES;
				CLANG_WARN_BLOCK_CAPTURE_AUTORELEASING = YES;
				CLANG_WARN_BOOL_CONVERSION = YES;
				CLANG_WARN_COMMA = YES;
				CLANG_WARN_CONSTANT_CONVERSION = YES;
				CLANG_WARN_DEPRECATED_OBJC_IMPLEMENTATIONS = YES;
				CLANG_WARN_DIRECT_OBJC_ISA_USAGE = YES_ERROR;
				CLANG_WARN_DOCUMENTATION_COMMENTS = YES;
				CLANG_WARN_EMPTY_BODY = YES;
				CLANG_WARN_ENUM_CONVERSION = YES;
				CLANG_WARN_INFINITE_RECURSION = YES;
				CLANG_WARN_INT_CONVERSION = YES;
				CLANG_WARN_NON_LITERAL_NULL_CONVERSION = YES;
				CLANG_WARN_OBJC_IMPLICIT_RETAIN_SELF = YES;
				CLANG_WARN_OBJC_LITERAL_CONVERSION = YES;
				CLANG_WARN_OBJC_ROOT_CLASS = YES_ERROR;
				CLANG_WARN_QUOTED_INCLUDE_IN_FRAMEWORK_HEADER = YES;
				CLANG_WARN_RANGE_LOOP_ANALYSIS = YES;
				CLANG_WARN_STRICT_PROTOTYPES = YES;
				CLANG_WARN_SUSPICIOUS_MOVE = YES;
				CLANG_WARN_UNGUARDED_AVAILABILITY = YES_AGGRESSIVE;
				CLANG_WARN_UNREACHABLE_CODE = YES;
				CLANG_WARN__DUPLICATE_METHOD_MATCH = YES;
				COPY_PHASE_STRIP = NO;
				DEBUG_INFORMATION_FORMAT = dwarf;
				ENABLE_STRICT_OBJC_MSGSEND = YES;
				ENABLE_TESTABILITY = YES;
				GCC_C_LANGUAGE_STANDARD = gnu11;
				GCC_DYNAMIC_NO_PIC = NO;
				GCC_NO_COMMON_BLOCKS = YES;
				GCC_OPTIMIZATION_LEVEL = 0;
				GCC_PREPROCESSOR_DEFINITIONS = (
					"DEBUG=1",
					"$(inherited)",
				);
				GCC_WARN_64_TO_32_BIT_CONVERSION = YES;
				GCC_WARN_ABOUT_RETURN_TYPE = YES_ERROR;
				GCC_WARN_UNDECLARED_SELECTOR = YES;
				GCC_WARN_UNINITIALIZED_AUTOS = YES_AGGRESSIVE;
				GCC_WARN_UNUSED_FUNCTION = YES;
				GCC_WARN_UNUSED_VARIABLE = YES;
				IPHONEOS_DEPLOYMENT_TARGET = 15.0;
				MTL_ENABLE_DEBUG_INFO = INCLUDE_SOURCE;
				MTL_FAST_MATH = YES;
				ONLY_ACTIVE_ARCH = YES;
				SDKROOT = iphoneos;
				SWIFT_ACTIVE_COMPILATION_CONDITIONS = DEBUG;
				SWIFT_OPTIMIZATION_LEVEL = "-Onone";
			};
			name = Debug;
		};
		F19E06342787B6E900D4D811 /* Release */ = {
			isa = XCBuildConfiguration;
			buildSettings = {
				ALWAYS_SEARCH_USER_PATHS = NO;
				CLANG_ANALYZER_NONNULL = YES;
				CLANG_ANALYZER_NUMBER_OBJECT_CONVERSION = YES_AGGRESSIVE;
				CLANG_CXX_LANGUAGE_STANDARD = "gnu++17";
				CLANG_CXX_LIBRARY = "libc++";
				CLANG_ENABLE_MODULES = YES;
				CLANG_ENABLE_OBJC_ARC = YES;
				CLANG_ENABLE_OBJC_WEAK = YES;
				CLANG_WARN_BLOCK_CAPTURE_AUTORELEASING = YES;
				CLANG_WARN_BOOL_CONVERSION = YES;
				CLANG_WARN_COMMA = YES;
				CLANG_WARN_CONSTANT_CONVERSION = YES;
				CLANG_WARN_DEPRECATED_OBJC_IMPLEMENTATIONS = YES;
				CLANG_WARN_DIRECT_OBJC_ISA_USAGE = YES_ERROR;
				CLANG_WARN_DOCUMENTATION_COMMENTS = YES;
				CLANG_WARN_EMPTY_BODY = YES;
				CLANG_WARN_ENUM_CONVERSION = YES;
				CLANG_WARN_INFINITE_RECURSION = YES;
				CLANG_WARN_INT_CONVERSION = YES;
				CLANG_WARN_NON_LITERAL_NULL_CONVERSION = YES;
				CLANG_WARN_OBJC_IMPLICIT_RETAIN_SELF = YES;
				CLANG_WARN_OBJC_LITERAL_CONVERSION = YES;
				CLANG_WARN_OBJC_ROOT_CLASS = YES_ERROR;
				CLANG_WARN_QUOTED_INCLUDE_IN_FRAMEWORK_HEADER = YES;
				CLANG_WARN_RANGE_LOOP_ANALYSIS = YES;
				CLANG_WARN_STRICT_PROTOTYPES = YES;
				CLANG_WARN_SUSPICIOUS_MOVE = YES;
				CLANG_WARN_UNGUARDED_AVAILABILITY = YES_AGGRESSIVE;
				CLANG_WARN_UNREACHABLE_CODE = YES;
				CLANG_WARN__DUPLICATE_METHOD_MATCH = YES;
				COPY_PHASE_STRIP = NO;
				DEBUG_INFORMATION_FORMAT = "dwarf-with-dsym";
				ENABLE_NS_ASSERTIONS = NO;
				ENABLE_STRICT_OBJC_MSGSEND = YES;
				GCC_C_LANGUAGE_STANDARD = gnu11;
				GCC_NO_COMMON_BLOCKS = YES;
				GCC_WARN_64_TO_32_BIT_CONVERSION = YES;
				GCC_WARN_ABOUT_RETURN_TYPE = YES_ERROR;
				GCC_WARN_UNDECLARED_SELECTOR = YES;
				GCC_WARN_UNINITIALIZED_AUTOS = YES_AGGRESSIVE;
				GCC_WARN_UNUSED_FUNCTION = YES;
				GCC_WARN_UNUSED_VARIABLE = YES;
				IPHONEOS_DEPLOYMENT_TARGET = 15.0;
				MTL_ENABLE_DEBUG_INFO = NO;
				MTL_FAST_MATH = YES;
				SDKROOT = iphoneos;
				SWIFT_COMPILATION_MODE = wholemodule;
				SWIFT_OPTIMIZATION_LEVEL = "-O";
				VALIDATE_PRODUCT = YES;
			};
			name = Release;
		};
		F19E06362787B6E900D4D811 /* Debug */ = {
			isa = XCBuildConfiguration;
			baseConfigurationReference = 5AAC26CBDE3CEBA4164225D5 /* Pods-Reed&Meet.debug.xcconfig */;
			buildSettings = {
				ASSETCATALOG_COMPILER_APPICON_NAME = AppIcon;
				ASSETCATALOG_COMPILER_GLOBAL_ACCENT_COLOR_NAME = AccentColor;
				CODE_SIGN_STYLE = Automatic;
				CURRENT_PROJECT_VERSION = 1;
				DEVELOPMENT_TEAM = J3Q7HWN3W7;
				GENERATE_INFOPLIST_FILE = YES;
				INFOPLIST_FILE = "Reed&Meet/Info.plist";
				INFOPLIST_KEY_UIApplicationSupportsIndirectInputEvents = YES;
				INFOPLIST_KEY_UILaunchStoryboardName = LaunchScreen;
				INFOPLIST_KEY_UISupportedInterfaceOrientations_iPad = "UIInterfaceOrientationPortrait UIInterfaceOrientationPortraitUpsideDown UIInterfaceOrientationLandscapeLeft UIInterfaceOrientationLandscapeRight";
				INFOPLIST_KEY_UISupportedInterfaceOrientations_iPhone = "UIInterfaceOrientationPortrait UIInterfaceOrientationLandscapeLeft UIInterfaceOrientationLandscapeRight";
				LD_RUNPATH_SEARCH_PATHS = (
					"$(inherited)",
					"@executable_path/Frameworks",
				);
				MARKETING_VERSION = 1.0;
				PRODUCT_BUNDLE_IDENTIFIER = "com.gustavo.anjos.Reed-Meet";
				PRODUCT_NAME = "$(TARGET_NAME)";
				SWIFT_EMIT_LOC_STRINGS = YES;
				SWIFT_VERSION = 5.0;
				TARGETED_DEVICE_FAMILY = "1,2";
			};
			name = Debug;
		};
		F19E06372787B6E900D4D811 /* Release */ = {
			isa = XCBuildConfiguration;
			baseConfigurationReference = 791DDFE5C0CC0BCAC42C463E /* Pods-Reed&Meet.release.xcconfig */;
			buildSettings = {
				ASSETCATALOG_COMPILER_APPICON_NAME = AppIcon;
				ASSETCATALOG_COMPILER_GLOBAL_ACCENT_COLOR_NAME = AccentColor;
				CODE_SIGN_STYLE = Automatic;
				CURRENT_PROJECT_VERSION = 1;
				DEVELOPMENT_TEAM = J3Q7HWN3W7;
				GENERATE_INFOPLIST_FILE = YES;
				INFOPLIST_FILE = "Reed&Meet/Info.plist";
				INFOPLIST_KEY_UIApplicationSupportsIndirectInputEvents = YES;
				INFOPLIST_KEY_UILaunchStoryboardName = LaunchScreen;
				INFOPLIST_KEY_UISupportedInterfaceOrientations_iPad = "UIInterfaceOrientationPortrait UIInterfaceOrientationPortraitUpsideDown UIInterfaceOrientationLandscapeLeft UIInterfaceOrientationLandscapeRight";
				INFOPLIST_KEY_UISupportedInterfaceOrientations_iPhone = "UIInterfaceOrientationPortrait UIInterfaceOrientationLandscapeLeft UIInterfaceOrientationLandscapeRight";
				LD_RUNPATH_SEARCH_PATHS = (
					"$(inherited)",
					"@executable_path/Frameworks",
				);
				MARKETING_VERSION = 1.0;
				PRODUCT_BUNDLE_IDENTIFIER = "com.gustavo.anjos.Reed-Meet";
				PRODUCT_NAME = "$(TARGET_NAME)";
				SWIFT_EMIT_LOC_STRINGS = YES;
				SWIFT_VERSION = 5.0;
				TARGETED_DEVICE_FAMILY = "1,2";
			};
			name = Release;
		};
		F19E06392787B6E900D4D811 /* Debug */ = {
			isa = XCBuildConfiguration;
			baseConfigurationReference = BA13903695D8F1E049D8E500 /* Pods-Reed&MeetTests.debug.xcconfig */;
			buildSettings = {
				ALWAYS_EMBED_SWIFT_STANDARD_LIBRARIES = YES;
				BUNDLE_LOADER = "$(TEST_HOST)";
				CODE_SIGN_STYLE = Automatic;
				CURRENT_PROJECT_VERSION = 1;
				DEVELOPMENT_TEAM = J3Q7HWN3W7;
				GENERATE_INFOPLIST_FILE = YES;
				IPHONEOS_DEPLOYMENT_TARGET = 15.0;
				LD_RUNPATH_SEARCH_PATHS = (
					"$(inherited)",
					"@executable_path/Frameworks",
					"@loader_path/Frameworks",
				);
				MARKETING_VERSION = 1.0;
				PRODUCT_BUNDLE_IDENTIFIER = "com.gustavo.anjos.Reed-MeetTests";
				PRODUCT_NAME = "$(TARGET_NAME)";
				SWIFT_EMIT_LOC_STRINGS = NO;
				SWIFT_VERSION = 5.0;
				TARGETED_DEVICE_FAMILY = "1,2";
				TEST_HOST = "$(BUILT_PRODUCTS_DIR)/Reed&Meet.app/Reed&Meet";
			};
			name = Debug;
		};
		F19E063A2787B6E900D4D811 /* Release */ = {
			isa = XCBuildConfiguration;
			baseConfigurationReference = CF81048A2445AE9D1E4ECD7D /* Pods-Reed&MeetTests.release.xcconfig */;
			buildSettings = {
				ALWAYS_EMBED_SWIFT_STANDARD_LIBRARIES = YES;
				BUNDLE_LOADER = "$(TEST_HOST)";
				CODE_SIGN_STYLE = Automatic;
				CURRENT_PROJECT_VERSION = 1;
				DEVELOPMENT_TEAM = J3Q7HWN3W7;
				GENERATE_INFOPLIST_FILE = YES;
				IPHONEOS_DEPLOYMENT_TARGET = 15.0;
				LD_RUNPATH_SEARCH_PATHS = (
					"$(inherited)",
					"@executable_path/Frameworks",
					"@loader_path/Frameworks",
				);
				MARKETING_VERSION = 1.0;
				PRODUCT_BUNDLE_IDENTIFIER = "com.gustavo.anjos.Reed-MeetTests";
				PRODUCT_NAME = "$(TARGET_NAME)";
				SWIFT_EMIT_LOC_STRINGS = NO;
				SWIFT_VERSION = 5.0;
				TARGETED_DEVICE_FAMILY = "1,2";
				TEST_HOST = "$(BUILT_PRODUCTS_DIR)/Reed&Meet.app/Reed&Meet";
			};
			name = Release;
		};
		F19E063C2787B6E900D4D811 /* Debug */ = {
			isa = XCBuildConfiguration;
			baseConfigurationReference = A99D607D2FA703F8CA75A9EA /* Pods-Reed&Meet-Reed&MeetUITests.debug.xcconfig */;
			buildSettings = {
				ALWAYS_EMBED_SWIFT_STANDARD_LIBRARIES = YES;
				CODE_SIGN_STYLE = Automatic;
				CURRENT_PROJECT_VERSION = 1;
				DEVELOPMENT_TEAM = J3Q7HWN3W7;
				GENERATE_INFOPLIST_FILE = YES;
				LD_RUNPATH_SEARCH_PATHS = (
					"$(inherited)",
					"@executable_path/Frameworks",
					"@loader_path/Frameworks",
				);
				MARKETING_VERSION = 1.0;
				PRODUCT_BUNDLE_IDENTIFIER = "com.gustavo.anjos.Reed-MeetUITests";
				PRODUCT_NAME = "$(TARGET_NAME)";
				SWIFT_EMIT_LOC_STRINGS = NO;
				SWIFT_VERSION = 5.0;
				TARGETED_DEVICE_FAMILY = "1,2";
				TEST_TARGET_NAME = "Reed&Meet";
			};
			name = Debug;
		};
		F19E063D2787B6E900D4D811 /* Release */ = {
			isa = XCBuildConfiguration;
			baseConfigurationReference = 8F7BDC312946BA2DCB81DC39 /* Pods-Reed&Meet-Reed&MeetUITests.release.xcconfig */;
			buildSettings = {
				ALWAYS_EMBED_SWIFT_STANDARD_LIBRARIES = YES;
				CODE_SIGN_STYLE = Automatic;
				CURRENT_PROJECT_VERSION = 1;
				DEVELOPMENT_TEAM = J3Q7HWN3W7;
				GENERATE_INFOPLIST_FILE = YES;
				LD_RUNPATH_SEARCH_PATHS = (
					"$(inherited)",
					"@executable_path/Frameworks",
					"@loader_path/Frameworks",
				);
				MARKETING_VERSION = 1.0;
				PRODUCT_BUNDLE_IDENTIFIER = "com.gustavo.anjos.Reed-MeetUITests";
				PRODUCT_NAME = "$(TARGET_NAME)";
				SWIFT_EMIT_LOC_STRINGS = NO;
				SWIFT_VERSION = 5.0;
				TARGETED_DEVICE_FAMILY = "1,2";
				TEST_TARGET_NAME = "Reed&Meet";
			};
			name = Release;
		};
/* End XCBuildConfiguration section */

/* Begin XCConfigurationList section */
		F19E06062787B6E600D4D811 /* Build configuration list for PBXProject "Reed&Meet" */ = {
			isa = XCConfigurationList;
			buildConfigurations = (
				F19E06332787B6E900D4D811 /* Debug */,
				F19E06342787B6E900D4D811 /* Release */,
			);
			defaultConfigurationIsVisible = 0;
			defaultConfigurationName = Release;
		};
		F19E06352787B6E900D4D811 /* Build configuration list for PBXNativeTarget "Reed&Meet" */ = {
			isa = XCConfigurationList;
			buildConfigurations = (
				F19E06362787B6E900D4D811 /* Debug */,
				F19E06372787B6E900D4D811 /* Release */,
			);
			defaultConfigurationIsVisible = 0;
			defaultConfigurationName = Release;
		};
		F19E06382787B6E900D4D811 /* Build configuration list for PBXNativeTarget "Reed&MeetTests" */ = {
			isa = XCConfigurationList;
			buildConfigurations = (
				F19E06392787B6E900D4D811 /* Debug */,
				F19E063A2787B6E900D4D811 /* Release */,
			);
			defaultConfigurationIsVisible = 0;
			defaultConfigurationName = Release;
		};
		F19E063B2787B6E900D4D811 /* Build configuration list for PBXNativeTarget "Reed&MeetUITests" */ = {
			isa = XCConfigurationList;
			buildConfigurations = (
				F19E063C2787B6E900D4D811 /* Debug */,
				F19E063D2787B6E900D4D811 /* Release */,
			);
			defaultConfigurationIsVisible = 0;
			defaultConfigurationName = Release;
		};
/* End XCConfigurationList section */
	};
	rootObject = F19E06032787B6E600D4D811 /* Project object */;
}
